<?xml version="1.0" encoding="utf-8"?>
<Project xmlns="http://schemas.microsoft.com/developer/msbuild/2003">
  <ItemGroup>
    <Filter Include="Header Files">
      <UniqueIdentifier>{93995380-89BD-4b04-88EB-625FBE52EBFB}</UniqueIdentifier>
      <Extensions>h;hpp;hxx;hm;inl;inc;xsd</Extensions>
    </Filter>
    <Filter Include="Header Files">
      <UniqueIdentifier>{93995380-89BD-4b04-88EB-625FBE52EBFB}</UniqueIdentifier>
      <Extensions>h;hpp;hxx;hm;inl;inc;xsd</Extensions>
    </Filter>
    <Filter Include="Source Files">
      <UniqueIdentifier>{4FC737F1-C7A5-4376-A066-2A32D752A2FF}</UniqueIdentifier>
      <Extensions>cpp;c;cxx;def;odl;idl;hpj;bat;asm;asmx</Extensions>
    </Filter>
    <Filter Include="Source Files">
      <UniqueIdentifier>{4FC737F1-C7A5-4376-A066-2A32D752A2FF}</UniqueIdentifier>
      <Extensions>cpp;c;cxx;def;odl;idl;hpj;bat;asm;asmx</Extensions>
    </Filter>
  </ItemGroup>
  <ItemGroup>
    <ClCompile Include="..\..\common\cbreakpointinfo.cpp">
      <Filter>Source Files</Filter>
    </ClCompile>
    <ClCompile Include="emulator\ccodedatalogger.cpp">
      <Filter>Source Files</Filter>
    </ClCompile>
    <ClCompile Include="emulator\cjoypadlogger.cpp">
      <Filter>Source Files</Filter>
    </ClCompile>
    <ClCompile Include="emulator\cmarker.cpp">
      <Filter>Source Files</Filter>
    </ClCompile>
    <ClCompile Include="emulator\cmemory.cpp">
      <Filter>Source Files</Filter>
    </ClCompile>
    <ClCompile Include="emulator\cnes.cpp">
      <Filter>Source Files</Filter>
    </ClCompile>
    <ClCompile Include="emulator\cnes6502.cpp">
      <Filter>Source Files</Filter>
    </ClCompile>
    <ClCompile Include="emulator\cnesapu.cpp">
      <Filter>Source Files</Filter>
    </ClCompile>
    <ClCompile Include="emulator\cnesbreakpointinfo.cpp">
      <Filter>Source Files</Filter>
    </ClCompile>
    <ClCompile Include="emulator\cnesio.cpp">
      <Filter>Source Files</Filter>
    </ClCompile>
    <ClCompile Include="emulator\cnesios.cpp">
      <Filter>Source Files</Filter>
    </ClCompile>
    <ClCompile Include="emulator\cnesppu.cpp">
      <Filter>Source Files</Filter>
    </ClCompile>
    <ClCompile Include="emulator\cnesrom.cpp">
      <Filter>Source Files</Filter>
    </ClCompile>
    <ClCompile Include="emulator\cnesrommapper001.cpp">
      <Filter>Source Files</Filter>
    </ClCompile>
    <ClCompile Include="emulator\cnesrommapper002.cpp">
      <Filter>Source Files</Filter>
    </ClCompile>
    <ClCompile Include="emulator\cnesrommapper003.cpp">
      <Filter>Source Files</Filter>
    </ClCompile>
    <ClCompile Include="emulator\cnesrommapper004.cpp">
      <Filter>Source Files</Filter>
    </ClCompile>
    <ClCompile Include="emulator\cnesrommapper005.cpp">
      <Filter>Source Files</Filter>
    </ClCompile>
    <ClCompile Include="emulator\cnesrommapper007.cpp">
      <Filter>Source Files</Filter>
    </ClCompile>
    <ClCompile Include="emulator\cnesrommapper009.cpp">
      <Filter>Source Files</Filter>
    </ClCompile>
    <ClCompile Include="emulator\cnesrommapper010.cpp">
      <Filter>Source Files</Filter>
    </ClCompile>
    <ClCompile Include="emulator\cnesrommapper011.cpp">
      <Filter>Source Files</Filter>
    </ClCompile>
    <ClCompile Include="emulator\cnesrommapper013.cpp">
      <Filter>Source Files</Filter>
    </ClCompile>
    <ClCompile Include="emulator\cnesrommapper016.cpp">
      <Filter>Source Files</Filter>
    </ClCompile>
    <ClCompile Include="emulator\cnesrommapper018.cpp">
      <Filter>Source Files</Filter>
    </ClCompile>
    <ClCompile Include="emulator\cnesrommapper019.cpp">
      <Filter>Source Files</Filter>
    </ClCompile>
    <ClCompile Include="emulator\cnesrommapper021.cpp">
      <Filter>Source Files</Filter>
    </ClCompile>
    <ClCompile Include="emulator\cnesrommapper022.cpp">
      <Filter>Source Files</Filter>
    </ClCompile>
    <ClCompile Include="emulator\cnesrommapper023.cpp">
      <Filter>Source Files</Filter>
    </ClCompile>
    <ClCompile Include="emulator\cnesrommapper024.cpp">
      <Filter>Source Files</Filter>
    </ClCompile>
    <ClCompile Include="emulator\cnesrommapper025.cpp">
      <Filter>Source Files</Filter>
    </ClCompile>
    <ClCompile Include="emulator\cnesrommapper026.cpp">
      <Filter>Source Files</Filter>
    </ClCompile>
    <ClCompile Include="emulator\cnesrommapper028.cpp">
      <Filter>Source Files</Filter>
    </ClCompile>
    <ClCompile Include="emulator\cnesrommapper033.cpp">
      <Filter>Source Files</Filter>
    </ClCompile>
    <ClCompile Include="emulator\cnesrommapper034.cpp">
      <Filter>Source Files</Filter>
    </ClCompile>
    <ClCompile Include="emulator\cnesrommapper065.cpp">
      <Filter>Source Files</Filter>
    </ClCompile>
    <ClCompile Include="emulator\cnesrommapper068.cpp">
      <Filter>Source Files</Filter>
    </ClCompile>
    <ClCompile Include="emulator\cnesrommapper069.cpp">
      <Filter>Source Files</Filter>
    </ClCompile>
    <ClCompile Include="emulator\cnesrommapper073.cpp">
      <Filter>Source Files</Filter>
    </ClCompile>
    <ClCompile Include="emulator\cnesrommapper075.cpp">
      <Filter>Source Files</Filter>
    </ClCompile>
    <ClCompile Include="emulator\cnesrommapper111.cpp">
      <Filter>Source Files</Filter>
    </ClCompile>
    <ClCompile Include="common\cnessystempalette.cpp">
      <Filter>Source Files</Filter>
    </ClCompile>
    <ClCompile Include="emulator\ctracer.cpp">
      <Filter>Source Files</Filter>
    </ClCompile>
    <ClCompile Include="nes_emulator_core.cpp">
      <Filter>Source Files</Filter>
    </ClCompile>
  </ItemGroup>
  <ItemGroup>
    <ClInclude Include="emulator\ccodedatalogger.h">
      <Filter>Header Files</Filter>
    </ClInclude>
    <ClInclude Include="emulator\cjoypadlogger.h">
      <Filter>Header Files</Filter>
    </ClInclude>
    <ClInclude Include="emulator\cmarker.h">
      <Filter>Header Files</Filter>
    </ClInclude>
    <ClInclude Include="emulator\cmemory.h">
      <Filter>Header Files</Filter>
    </ClInclude>
    <ClInclude Include="emulator\cnes.h">
      <Filter>Header Files</Filter>
    </ClInclude>
    <ClInclude Include="emulator\cnes6502.h">
      <Filter>Header Files</Filter>
    </ClInclude>
    <ClInclude Include="emulator\cnesapu.h">
      <Filter>Header Files</Filter>
    </ClInclude>
    <ClInclude Include="emulator\cnesbreakpointinfo.h">
      <Filter>Header Files</Filter>
    </ClInclude>
    <ClInclude Include="emulator\cnesio.h">
      <Filter>Header Files</Filter>
    </ClInclude>
    <ClInclude Include="emulator\cnesios.h">
      <Filter>Header Files</Filter>
    </ClInclude>
    <ClInclude Include="emulator\cnesppu.h">
      <Filter>Header Files</Filter>
    </ClInclude>
    <ClInclude Include="emulator\cnesrom.h">
      <Filter>Header Files</Filter>
    </ClInclude>
    <ClInclude Include="emulator\cnesrommapper001.h">
      <Filter>Header Files</Filter>
    </ClInclude>
    <ClInclude Include="emulator\cnesrommapper002.h">
      <Filter>Header Files</Filter>
    </ClInclude>
    <ClInclude Include="emulator\cnesrommapper003.h">
      <Filter>Header Files</Filter>
    </ClInclude>
    <ClInclude Include="emulator\cnesrommapper004.h">
      <Filter>Header Files</Filter>
    </ClInclude>
    <ClInclude Include="emulator\cnesrommapper005.h">
      <Filter>Header Files</Filter>
    </ClInclude>
    <ClInclude Include="emulator\cnesrommapper007.h">
      <Filter>Header Files</Filter>
    </ClInclude>
    <ClInclude Include="emulator\cnesrommapper009.h">
      <Filter>Header Files</Filter>
    </ClInclude>
    <ClInclude Include="emulator\cnesrommapper010.h">
      <Filter>Header Files</Filter>
    </ClInclude>
    <ClInclude Include="emulator\cnesrommapper011.h">
      <Filter>Header Files</Filter>
    </ClInclude>
    <ClInclude Include="emulator\cnesrommapper013.h">
      <Filter>Header Files</Filter>
    </ClInclude>
    <ClInclude Include="emulator\cnesrommapper016.h">
      <Filter>Header Files</Filter>
    </ClInclude>
    <ClInclude Include="emulator\cnesrommapper018.h">
      <Filter>Header Files</Filter>
    </ClInclude>
    <ClInclude Include="emulator\cnesrommapper019.h">
      <Filter>Header Files</Filter>
    </ClInclude>
    <ClInclude Include="emulator\cnesrommapper021.h">
      <Filter>Header Files</Filter>
    </ClInclude>
    <ClInclude Include="emulator\cnesrommapper022.h">
      <Filter>Header Files</Filter>
    </ClInclude>
    <ClInclude Include="emulator\cnesrommapper023.h">
      <Filter>Header Files</Filter>
    </ClInclude>
    <ClInclude Include="emulator\cnesrommapper024.h">
      <Filter>Header Files</Filter>
    </ClInclude>
    <ClInclude Include="emulator\cnesrommapper025.h">
      <Filter>Header Files</Filter>
    </ClInclude>
    <ClInclude Include="emulator\cnesrommapper026.h">
      <Filter>Header Files</Filter>
    </ClInclude>
    <ClInclude Include="emulator\cnesrommapper028.h">
      <Filter>Header Files</Filter>
    </ClInclude>
    <ClInclude Include="emulator\cnesrommapper033.h">
      <Filter>Header Files</Filter>
    </ClInclude>
    <ClInclude Include="emulator\cnesrommapper034.h">
      <Filter>Header Files</Filter>
    </ClInclude>
    <ClInclude Include="emulator\cnesrommapper065.h">
      <Filter>Header Files</Filter>
    </ClInclude>
    <ClInclude Include="emulator\cnesrommapper068.h">
      <Filter>Header Files</Filter>
    </ClInclude>
    <ClInclude Include="emulator\cnesrommapper069.h">
      <Filter>Header Files</Filter>
    </ClInclude>
    <ClInclude Include="emulator\cnesrommapper073.h">
      <Filter>Header Files</Filter>
    </ClInclude>
    <ClInclude Include="emulator\cnesrommapper075.h">
      <Filter>Header Files</Filter>
    </ClInclude>
    <ClInclude Include="emulator\cnesrommapper111.h">
      <Filter>Header Files</Filter>
    </ClInclude>
    <ClInclude Include="common\cnessystempalette.h">
      <Filter>Header Files</Filter>
    </ClInclude>
    <ClInclude Include="emulator\ctracer.h">
      <Filter>Header Files</Filter>
    </ClInclude>
    <ClInclude Include="nes_emulator_core.h">
      <Filter>Header Files</Filter>
    </ClInclude>
  </ItemGroup>
</Project>